
Microsoft Visual Studio Solution File, Format Version 12.00
# Visual Studio Version 16
VisualStudioVersion = 16.0.31624.102
MinimumVisualStudioVersion = 10.0.40219.1
Project("{FAE04EC0-301F-11D3-BF4B-00C04F79EFBC}") = "AdditionOfNumberProject", "AdditionOfNumberProject\AdditionOfNumberProject.csproj", "{C6EB9883-F78D-4B60-A70F-7C43FD55A460}"
EndProject
Project("{FAE04EC0-301F-11D3-BF4B-00C04F79EFBC}") = "UnitTestProject1", "UnitTestProject1\UnitTestProject1.csproj", "{3CF26B39-511E-42EB-8848-3E8D1F0EEF44}"
EndProject
Global
	GlobalSection(SolutionConfigurationPlatforms) = preSolution
		Debug|Any CPU = Debug|Any CPU
		Release|Any CPU = Release|Any CPU
	EndGlobalSection
	GlobalSection(ProjectConfigurationPlatforms) = postSolution
		{C6EB9883-F78D-4B60-A70F-7C43FD55A460}.Debug|Any CPU.ActiveCfg = Debug|Any CPU
		{C6EB9883-F78D-4B60-A70F-7C43FD55A460}.Debug|Any CPU.Build.0 = Debug|Any CPU
		{C6EB9883-F78D-4B60-A70F-7C43FD55A460}.Release|Any CPU.ActiveCfg = Release|Any CPU
		{C6EB9883-F78D-4B60-A70F-7C43FD55A460}.Release|Any CPU.Build.0 = Release|Any CPU
		{3CF26B39-511E-42EB-8848-3E8D1F0EEF44}.Debug|Any CPU.ActiveCfg = Debug|Any CPU
		{3CF26B39-511E-42EB-8848-3E8D1F0EEF44}.Debug|Any CPU.Build.0 = Debug|Any CPU
		{3CF26B39-511E-42EB-8848-3E8D1F0EEF44}.Release|Any CPU.ActiveCfg = Release|Any CPU
		{3CF26B39-511E-42EB-8848-3E8D1F0EEF44}.Release|Any CPU.Build.0 = Release|Any CPU
	EndGlobalSection
	GlobalSection(SolutionProperties) = preSolution
		HideSolutionNode = FALSE
	EndGlobalSection
	GlobalSection(ExtensibilityGlobals) = postSolution
		SolutionGuid = {0DDC29C8-9875-4C00-A29F-56315C5A8F46}
	EndGlobalSection
EndGlobal
